
Microsoft Visual Studio Solution File, Format Version 12.00
# Visual Studio Version 17
VisualStudioVersion = 17.14.36221.1 d17.14
MinimumVisualStudioVersion = 10.0.40219.1
Project("{FAE04EC0-301F-11D3-BF4B-00C04F79EFBC}") = "API", "API\API.csproj", "{58A999B7-D256-44B6-AFBF-164A247A1740}"
EndProject
Project("{FAE04EC0-301F-11D3-BF4B-00C04F79EFBC}") = "API.Tests", "API.Tests\API.Tests.csproj", "{5C5AA033-6ADE-4E69-A829-D16963394409}"
EndProject
Project("{FAE04EC0-301F-11D3-BF4B-00C04F79EFBC}") = "PhoneApp", "PhoneApp\PhoneApp.csproj", "{C178024A-F67A-42FD-8EEA-8F35171AB510}"
EndProject
Global
	GlobalSection(SolutionConfigurationPlatforms) = preSolution
		Debug|Any CPU = Debug|Any CPU
		Release|Any CPU = Release|Any CPU
	EndGlobalSection
	GlobalSection(ProjectConfigurationPlatforms) = postSolution
		{58A999B7-D256-44B6-AFBF-164A247A1740}.Debug|Any CPU.ActiveCfg = Debug|Any CPU
		{58A999B7-D256-44B6-AFBF-164A247A1740}.Debug|Any CPU.Build.0 = Debug|Any CPU
		{58A999B7-D256-44B6-AFBF-164A247A1740}.Release|Any CPU.ActiveCfg = Release|Any CPU
		{58A999B7-D256-44B6-AFBF-164A247A1740}.Release|Any CPU.Build.0 = Release|Any CPU
		{5C5AA033-6ADE-4E69-A829-D16963394409}.Debug|Any CPU.ActiveCfg = Debug|Any CPU
		{5C5AA033-6ADE-4E69-A829-D16963394409}.Debug|Any CPU.Build.0 = Debug|Any CPU
		{5C5AA033-6ADE-4E69-A829-D16963394409}.Release|Any CPU.ActiveCfg = Release|Any CPU
		{5C5AA033-6ADE-4E69-A829-D16963394409}.Release|Any CPU.Build.0 = Release|Any CPU
		{C178024A-F67A-42FD-8EEA-8F35171AB510}.Debug|Any CPU.ActiveCfg = Debug|Any CPU
		{C178024A-F67A-42FD-8EEA-8F35171AB510}.Debug|Any CPU.Build.0 = Debug|Any CPU
		{C178024A-F67A-42FD-8EEA-8F35171AB510}.Release|Any CPU.ActiveCfg = Release|Any CPU
		{C178024A-F67A-42FD-8EEA-8F35171AB510}.Release|Any CPU.Build.0 = Release|Any CPU
	EndGlobalSection
	GlobalSection(SolutionProperties) = preSolution
		HideSolutionNode = FALSE
	EndGlobalSection
	GlobalSection(ExtensibilityGlobals) = postSolution
		SolutionGuid = {174325DC-9981-4D0E-B6BA-CEAC3ED02592}
	EndGlobalSection
EndGlobal
